
Microsoft Visual Studio Solution File, Format Version 12.00
# Visual Studio Version 17
VisualStudioVersion = 17.8.34004.107
MinimumVisualStudioVersion = 10.0.40219.1
Project("{FAE04EC0-301F-11D3-BF4B-00C04F79EFBC}") = "MauiMediaElementAndroidIssue", "MauiMediaElementAndroidIssue.csproj", "{A677C77C-39DC-48C2-A18A-6BDF8EA8FC2A}"
EndProject
Global
	GlobalSection(SolutionConfigurationPlatforms) = preSolution
		Debug|Any CPU = Debug|Any CPU
		Release|Any CPU = Release|Any CPU
	EndGlobalSection
	GlobalSection(ProjectConfigurationPlatforms) = postSolution
		{A677C77C-39DC-48C2-A18A-6BDF8EA8FC2A}.Debug|Any CPU.ActiveCfg = Debug|Any CPU
		{A677C77C-39DC-48C2-A18A-6BDF8EA8FC2A}.Debug|Any CPU.Build.0 = Debug|Any CPU
		{A677C77C-39DC-48C2-A18A-6BDF8EA8FC2A}.Debug|Any CPU.Deploy.0 = Debug|Any CPU
		{A677C77C-39DC-48C2-A18A-6BDF8EA8FC2A}.Release|Any CPU.ActiveCfg = Release|Any CPU
		{A677C77C-39DC-48C2-A18A-6BDF8EA8FC2A}.Release|Any CPU.Build.0 = Release|Any CPU
		{A677C77C-39DC-48C2-A18A-6BDF8EA8FC2A}.Release|Any CPU.Deploy.0 = Release|Any CPU
	EndGlobalSection
	GlobalSection(SolutionProperties) = preSolution
		HideSolutionNode = FALSE
	EndGlobalSection
	GlobalSection(ExtensibilityGlobals) = postSolution
		SolutionGuid = {2E8FED53-0D9D-402B-A810-AD0ED8D55F05}
	EndGlobalSection
EndGlobal
